Microsoft Visual Studio Solution File, Format Version 11.00
# Visual Studio 2008

Project("{CD8EDE23-3AD1-3AF1-189A-3EAA406A75DA}") = "Warships", "Assembly-CSharp.csproj", "{7C9CEDF1-6D85-5894-1F70-17F75F1E8F83}"
EndProject
Global
	GlobalSection(SolutionConfigurationPlatforms) = preSolution
		Debug|Any CPU = Debug|Any CPU
		Release|Any CPU = Release|Any CPU
	EndGlobalSection
	GlobalSection(ProjectConfigurationPlatforms) = postSolution
		{7C9CEDF1-6D85-5894-1F70-17F75F1E8F83}.Debug|Any CPU.ActiveCfg = Debug|Any CPU
		{7C9CEDF1-6D85-5894-1F70-17F75F1E8F83}.Debug|Any CPU.Build.0 = Debug|Any CPU
		{7C9CEDF1-6D85-5894-1F70-17F75F1E8F83}.Release|Any CPU.ActiveCfg = Release|Any CPU
		{7C9CEDF1-6D85-5894-1F70-17F75F1E8F83}.Release|Any CPU.Build.0 = Release|Any CPU
	EndGlobalSection
	GlobalSection(SolutionProperties) = preSolution
		HideSolutionNode = FALSE
	EndGlobalSection
	GlobalSection(MonoDevelopProperties) = preSolution
		StartupItem = Assembly-CSharp.csproj
	EndGlobalSection
EndGlobal
